
Microsoft Visual Studio Solution File, Format Version 12.00
# Visual Studio Version 16
VisualStudioVersion = 16.0.29102.190
MinimumVisualStudioVersion = 10.0.40219.1
Project("{FAE04EC0-301F-11D3-BF4B-00C04F79EFBC}") = "anipet", "anipet\anipet.csproj", "{D44A3F02-C093-4C4C-AC96-E913170AA665}"
EndProject
Global
	GlobalSection(SolutionConfigurationPlatforms) = preSolution
		Debug|Any CPU = Debug|Any CPU
		Release|Any CPU = Release|Any CPU
	EndGlobalSection
	GlobalSection(ProjectConfigurationPlatforms) = postSolution
		{D44A3F02-C093-4C4C-AC96-E913170AA665}.Debug|Any CPU.ActiveCfg = Debug|Any CPU
		{D44A3F02-C093-4C4C-AC96-E913170AA665}.Debug|Any CPU.Build.0 = Debug|Any CPU
		{D44A3F02-C093-4C4C-AC96-E913170AA665}.Release|Any CPU.ActiveCfg = Release|Any CPU
		{D44A3F02-C093-4C4C-AC96-E913170AA665}.Release|Any CPU.Build.0 = Release|Any CPU
	EndGlobalSection
	GlobalSection(SolutionProperties) = preSolution
		HideSolutionNode = FALSE
	EndGlobalSection
	GlobalSection(ExtensibilityGlobals) = postSolution
		SolutionGuid = {34EA7227-67F6-492C-BA6C-428652B370B6}
	EndGlobalSection
EndGlobal
